
Microsoft Visual Studio Solution File, Format Version 12.00
Project("{FAE04EC0-301F-11D3-BF4B-00C04F79EFBC}") = "Cities-Skyline-Politics-Mod", "Cities-Skyline-Politics-Mod\Cities-Skyline-Politics-Mod.csproj", "{4B5B24CE-57B8-443E-AEB9-D498F06477A8}"
EndProject
Global
	GlobalSection(SolutionConfigurationPlatforms) = preSolution
		Debug|Any CPU = Debug|Any CPU
		Release|Any CPU = Release|Any CPU
	EndGlobalSection
	GlobalSection(ProjectConfigurationPlatforms) = postSolution
		{4B5B24CE-57B8-443E-AEB9-D498F06477A8}.Debug|Any CPU.ActiveCfg = Debug|Any CPU
		{4B5B24CE-57B8-443E-AEB9-D498F06477A8}.Debug|Any CPU.Build.0 = Debug|Any CPU
		{4B5B24CE-57B8-443E-AEB9-D498F06477A8}.Release|Any CPU.ActiveCfg = Release|Any CPU
		{4B5B24CE-57B8-443E-AEB9-D498F06477A8}.Release|Any CPU.Build.0 = Release|Any CPU
	EndGlobalSection
EndGlobal
